<?xml version="1.0" encoding="utf-8"?>
<Project ToolsVersion="4.0" xmlns="http://schemas.microsoft.com/developer/msbuild/2003">
  <ItemGroup>
    <Filter Include="Source Files">
      <UniqueIdentifier>{4FC737F1-C7A5-4376-A066-2A32D752A2FF}</UniqueIdentifier>
      <Extensions>cpp;c;cc;cxx;c++;cppm;ixx;def;odl;idl;hpj;bat;asm;asmx</Extensions>
    </Filter>
    <Filter Include="Header Files">
      <UniqueIdentifier>{93995380-89BD-4b04-88EB-625FBE52EBFB}</UniqueIdentifier>
      <Extensions>h;hh;hpp;hxx;h++;hm;inl;inc;ipp;xsd</Extensions>
    </Filter>
    <Filter Include="Resource Files">
      <UniqueIdentifier>{67DA6AB6-F800-4c08-8B7A-83BB121AAD01}</UniqueIdentifier>
      <Extensions>rc;ico;cur;bmp;dlg;rc2;rct;bin;rgs;gif;jpg;jpeg;jpe;resx;tiff;tif;png;wav;mfcribbon-ms</Extensions>
    </Filter>
  </ItemGroup>
  <ItemGroup>
    <ClCompile Include="Game\main.cpp">
      <Filter>Source Files</Filter>
    </ClCompile>
    <ClCompile Include="DX3D\Source\DX3D\Core\Base.cpp">
      <Filter>Source Files</Filter>
    </ClCompile>
    <ClCompile Include="DX3D\Source\DX3D\Window\Win32\Win32Window.cpp">
      <Filter>Source Files</Filter>
    </ClCompile>
    <ClCompile Include="DX3D\Source\DX3D\Game\Game.cpp">
      <Filter>Source Files</Filter>
    </ClCompile>
    <ClCompile Include="DX3D\Source\DX3D\Game\Win32\Win32Game.cpp">
      <Filter>Source Files</Filter>
    </ClCompile>
    <ClCompile Include="DX3D\Source\DX3D\Core\Logger.cpp">
      <Filter>Source Files</Filter>
    </ClCompile>
    <ClCompile Include="DX3D\Source\DX3D\Game\Display.cpp">
      <Filter>Source Files</Filter>
    </ClCompile>
    <ClCompile Include="DX3D\Source\DX3D\Core\Time.cpp">
      <Filter>Source Files</Filter>
    </ClCompile>
    <ClCompile Include="DX3D\Source\DX3D\InputSystem\InputSystem.cpp">
      <Filter>Source Files</Filter>
    </ClCompile>
    <ClCompile Include="DX3D\Source\DX3D\Game\GameObject.cpp">
      <Filter>Source Files</Filter>
    </ClCompile>
    <ClCompile Include="DX3D\Source\DX3D\Game\SceneManager.cpp">
      <Filter>Source Files</Filter>
    </ClCompile>
    <ClCompile Include="DX3D\Source\DX3D\InputSystem\Camera.cpp">
      <Filter>Source Files</Filter>
    </ClCompile>
    <ClCompile Include="DX3D\Source\DX3D\Core\JobSystem.cpp">
      <Filter>Source Files</Filter>
    </ClCompile>
    <ClCompile Include="DX3D\Source\DX3D\Graphics\Resources\DepthTexture2D.cpp">
      <Filter>Source Files</Filter>
    </ClCompile>
    <ClCompile Include="DX3D\Source\DX3D\Graphics\Importers\AssetManager.cpp">
      <Filter>Source Files</Filter>
    </ClCompile>
    <ClCompile Include="DX3D\Source\DX3D\Graphics\Buffers\InstanceBuffer.cpp">
      <Filter>Source Files</Filter>
    </ClCompile>
    <ClCompile Include="DX3D\Source\DX3D\Graphics\Buffers\ConstantBuffer.cpp">
      <Filter>Source Files</Filter>
    </ClCompile>
    <ClCompile Include="DX3D\Source\DX3D\Graphics\Core\DeviceContext.cpp">
      <Filter>Source Files</Filter>
    </ClCompile>
    <ClCompile Include="DX3D\Source\DX3D\Graphics\Rendering\GraphicsEngine.cpp">
      <Filter>Source Files</Filter>
    </ClCompile>
    <ClCompile Include="DX3D\Source\DX3D\Graphics\Core\GraphicsDevice.cpp">
      <Filter>Source Files</Filter>
    </ClCompile>
    <ClCompile Include="DX3D\Source\DX3D\Graphics\Core\SwapChain.cpp">
      <Filter>Source Files</Filter>
    </ClCompile>
    <ClCompile Include="DX3D\Source\DX3D\Graphics\Core\ShaderBinary.cpp">
      <Filter>Source Files</Filter>
    </ClCompile>
    <ClCompile Include="DX3D\Source\DX3D\Graphics\Core\GraphicsPipelineState.cpp">
      <Filter>Source Files</Filter>
    </ClCompile>
    <ClCompile Include="DX3D\Source\DX3D\Graphics\Buffers\VertexBuffer.cpp">
      <Filter>Source Files</Filter>
    </ClCompile>
    <ClCompile Include="DX3D\Source\DX3D\Graphics\Core\VertexShaderSignature.cpp">
      <Filter>Source Files</Filter>
    </ClCompile>
    <ClCompile Include="DX3D\Source\DX3D\Graphics\Buffers\IndexBuffer.cpp">
      <Filter>Source Files</Filter>
    </ClCompile>
    <ClCompile Include="DX3D\Source\DX3D\Graphics\Resources\Mesh.cpp">
      <Filter>Source Files</Filter>
    </ClCompile>
    <ClCompile Include="DX3D\Source\DX3D\Graphics\Importers\ModelImporter.cpp">
      <Filter>Source Files</Filter>
    </ClCompile>
    <ClCompile Include="DX3D\Source\DX3D\Graphics\Importers\MaterialLoader.cpp">
      <Filter>Source Files</Filter>
    </ClCompile>
    <ClCompile Include="DX3D\Source\DX3D\Graphics\Resources\Texture2D.cpp">
      <Filter>Source Files</Filter>
    </ClCompile>
    <ClCompile Include="DX3D\Source\DX3D\Graphics\Rendering\RenderSystem.cpp">
      <Filter>Source Files</Filter>
    </ClCompile>
    <ClCompile Include="DX3D\Source\DX3D\Graphics\Importers\ModelCache.cpp">
      <Filter>Source Files</Filter>
    </ClCompile>
    <ClCompile Include="DX3D\Source\DX3D\Graphics\Rendering\LightManager.cpp">
      <Filter>Source Files</Filter>
    </ClCompile>
    <ClCompile Include="DX3D\Source\ThirdParty\ImGui\imgui.cpp">
      <Filter>Source Files</Filter>
    </ClCompile>
    <ClCompile Include="DX3D\Source\ThirdParty\ImGui\imgui_draw.cpp">
      <Filter>Source Files</Filter>
    </ClCompile>
    <ClCompile Include="DX3D\Source\ThirdParty\ImGui\imgui_tables.cpp">
      <Filter>Source Files</Filter>
    </ClCompile>
    <ClCompile Include="DX3D\Source\ThirdParty\ImGui\imgui_widgets.cpp">
      <Filter>Source Files</Filter>
    </ClCompile>
    <ClCompile Include="DX3D\Source\ThirdParty\ImGui\backends\imgui_impl_dx11.cpp">
      <Filter>Source Files</Filter>
    </ClCompile>
    <ClCompile Include="DX3D\Source\ThirdParty\ImGui\backends\imgui_impl_win32.cpp">
      <Filter>Source Files</Filter>
    </ClCompile>
    <ClCompile Include="Game\Kepler\KeplerSandbox.cpp">
      <Filter>Source Files</Filter>
    </ClCompile>
    <ClCompile Include="Game\Editor\HierarchyPanel.cpp">
      <Filter>Source Files</Filter>
    </ClCompile>
    <ClCompile Include="Game\Editor\InspectorPanel.cpp">
      <Filter>Source Files</Filter>
    </ClCompile>
    <ClCompile Include="Game\Editor\TimelinePanel.cpp">
      <Filter>Source Files</Filter>
    </ClCompile>
    <ClCompile Include="Game\Editor\AssetBrowserPanel.cpp">
      <Filter>Source Files</Filter>
    </ClCompile>
    <ClCompile Include="Game\Editor\KeplerEditor.cpp">
      <Filter>Source Files</Filter>
    </ClCompile>
    <ClCompile Include="DX3D\Source\DX3D\Game\SceneSerializer.cpp">
      <Filter>Source Files</Filter>
    </ClCompile>
    <ClCompile Include="DX3D\Source\DX3D\Game\HierarchyBridge.cpp">
      <Filter>Source Files</Filter>
    </ClCompile>
  </ItemGroup>
  <ItemGroup>
    <ClInclude Include="DX3D\Include\DX3D\Core\Base.h">
      <Filter>Header Files</Filter>
    </ClInclude>
    <ClInclude Include="DX3D\Include\DX3D\Window\Window.h">
      <Filter>Header Files</Filter>
    </ClInclude>
    <ClInclude Include="DX3D\Include\DX3D\Game\Game.h">
      <Filter>Header Files</Filter>
    </ClInclude>
    <ClInclude Include="DX3D\Include\DX3D\Core\Core.h">
      <Filter>Header Files</Filter>
    </ClInclude>
    <ClInclude Include="DX3D\Include\DX3D\All.h">
      <Filter>Header Files</Filter>
    </ClInclude>
    <ClInclude Include="DX3D\Include\DX3D\Core\Logger.h">
      <Filter>Header Files</Filter>
    </ClInclude>
    <ClInclude Include="DX3D\Include\DX3D\Core\Common.h">
      <Filter>Header Files</Filter>
    </ClInclude>
    <ClInclude Include="DX3D\Source\DX3D\Graphics\GraphicsLogUtils.h">
      <Filter>Header Files</Filter>
    </ClInclude>
    <ClInclude Include="DX3D\Source\DX3D\Graphics\GraphicsResource.h">
      <Filter>Header Files</Filter>
    </ClInclude>
    <ClInclude Include="DX3D\Include\DX3D\Math\Rect.h">
      <Filter>Header Files</Filter>
    </ClInclude>
    <ClInclude Include="DX3D\Include\DX3D\Game\Display.h">
      <Filter>Header Files</Filter>
    </ClInclude>
    <ClInclude Include="DX3D\Include\DX3D\Math\Vec4.h">
      <Filter>Header Files</Filter>
    </ClInclude>
    <ClInclude Include="DX3D\Source\DX3D\Graphics\GraphicsUtils.h">
      <Filter>Header Files</Filter>
    </ClInclude>
    <ClInclude Include="DX3D\Include\DX3D\Math\Vec3.h">
      <Filter>Header Files</Filter>
    </ClInclude>
    <ClInclude Include="DX3D\Include\DX3D\Core\Time.h">
      <Filter>Header Files</Filter>
    </ClInclude>
    <ClInclude Include="DX3D\Include\DX3D\InputSystem\InputSystem.h">
      <Filter>Header Files</Filter>
    </ClInclude>
    <ClInclude Include="DX3D\Include\DX3D\InputSystem\InputListener.h">
      <Filter>Header Files</Filter>
    </ClInclude>
    <ClInclude Include="DX3D\Include\DX3D\Math\PointFloat.h">
      <Filter>Header Files</Filter>
    </ClInclude>
    <ClInclude Include="DX3D\Include\DX3D\Math\Point.h">
      <Filter>Header Files</Filter>
    </ClInclude>
    <ClInclude Include="DX3D\Include\DX3D\Math\Vertex.h">
      <Filter>Header Files</Filter>
    </ClInclude>
    <ClInclude Include="DX3D\Include\DX3D\Math\Vec2.h">
      <Filter>Header Files</Filter>
    </ClInclude>
    <ClInclude Include="DX3D\Include\DX3D\Math\Transform.h">
      <Filter>Header Files</Filter>
    </ClInclude>
    <ClInclude Include="DX3D\Include\DX3D\Math\Quaternion.h">
      <Filter>Header Files</Filter>
    </ClInclude>
    <ClInclude Include="DX3D\Include\DX3D\Game\GameObject.h">
      <Filter>Header Files</Filter>
    </ClInclude>
    <ClInclude Include="DX3D\Include\DX3D\Game\SceneManager.h">
      <Filter>Header Files</Filter>
    </ClInclude>
    <ClInclude Include="DX3D\Include\DX3D\InputSystem\Camera.h">
      <Filter>Header Files</Filter>
    </ClInclude>
    <ClInclude Include="DX3D\Include\DX3D\Math\Utils.h">
      <Filter>Header Files</Filter>
    </ClInclude>
    <ClInclude Include="DX3D\Include\DX3D\Core\JobSystem.h">
      <Filter>Header Files</Filter>
    </ClInclude>
    <ClInclude Include="DX3D\Source\DX3D\Graphics\Resources\DepthTexture2D.h">
      <Filter>Header Files</Filter>
    </ClInclude>
    <ClInclude Include="DX3D\Source\DX3D\Graphics\Importers\AssetManager.h">
      <Filter>Header Files</Filter>
    </ClInclude>
    <ClInclude Include="DX3D\Source\DX3D\Graphics\Buffers\ConstantBuffer.h">
      <Filter>Header Files</Filter>
    </ClInclude>
    <ClInclude Include="DX3D\Source\DX3D\Graphics\Core\DeviceContext.h">
      <Filter>Header Files</Filter>
    </ClInclude>
    <ClInclude Include="DX3D\Source\DX3D\Graphics\Rendering\GraphicsEngine.h">
      <Filter>Header Files</Filter>
    </ClInclude>
    <ClInclude Include="DX3D\Source\DX3D\Graphics\Core\GraphicsDevice.h">
      <Filter>Header Files</Filter>
    </ClInclude>
    <ClInclude Include="DX3D\Source\DX3D\Graphics\Buffers\InstanceBuffer.h">
      <Filter>Header Files</Filter>
    </ClInclude>
    <ClInclude Include="DX3D\Source\DX3D\Graphics\Resources\Light.h">
      <Filter>Header Files</Filter>
    </ClInclude>
    <ClInclude Include="DX3D\Source\DX3D\Graphics\Resources\Material.h">
      <Filter>Header Files</Filter>
    </ClInclude>
    <ClInclude Include="DX3D\Source\DX3D\Graphics\Resources\ModelData.h">
      <Filter>Header Files</Filter>
    </ClInclude>
    <ClInclude Include="DX3D\Source\DX3D\Graphics\Resources\ModelGPU.h">
      <Filter>Header Files</Filter>
    </ClInclude>
    <ClInclude Include="DX3D\Source\DX3D\Graphics\Core\SwapChain.h">
      <Filter>Header Files</Filter>
    </ClInclude>
    <ClInclude Include="DX3D\Source\DX3D\Graphics\Core\ShaderBinary.h">
      <Filter>Header Files</Filter>
    </ClInclude>
    <ClInclude Include="DX3D\Source\DX3D\Graphics\Core\GraphicsPipelineState.h">
      <Filter>Header Files</Filter>
    </ClInclude>
    <ClInclude Include="DX3D\Source\DX3D\Graphics\Buffers\VertexBuffer.h">
      <Filter>Header Files</Filter>
    </ClInclude>
    <ClInclude Include="DX3D\Source\DX3D\Graphics\Core\VertexShaderSignature.h">
      <Filter>Header Files</Filter>
    </ClInclude>
    <ClInclude Include="DX3D\Source\DX3D\Graphics\Buffers\IndexBuffer.h">
      <Filter>Header Files</Filter>
    </ClInclude>
    <ClInclude Include="DX3D\Source\DX3D\Graphics\Resources\Mesh.h">
      <Filter>Header Files</Filter>
    </ClInclude>
    <ClInclude Include="DX3D\Source\DX3D\Graphics\Importers\ModelImporter.h">
      <Filter>Header Files</Filter>
    </ClInclude>
    <ClInclude Include="DX3D\Source\DX3D\Graphics\Importers\MaterialLoader.h">
      <Filter>Header Files</Filter>
    </ClInclude>
    <ClInclude Include="DX3D\Source\DX3D\Graphics\Resources\Texture2D.h">
      <Filter>Header Files</Filter>
    </ClInclude>
    <ClInclude Include="DX3D\Source\DX3D\Graphics\Rendering\RenderSystem.h">
      <Filter>Header Files</Filter>
    </ClInclude>
    <ClInclude Include="DX3D\Source\DX3D\Graphics\Importers\ModelCache.h">
      <Filter>Header Files</Filter>
    </ClInclude>
    <ClInclude Include="DX3D\Source\DX3D\Graphics\Rendering\LightManager.h">
      <Filter>Header Files</Filter>
    </ClInclude>
    <ClInclude Include="DX3D\Source\DX3D\Graphics\Buffers\StructuredBuffer.h">
      <Filter>Header Files</Filter>
    </ClInclude>
    <ClInclude Include="DX3D\Source\ThirdParty\ImGui\imconfig.h">
      <Filter>Header Files</Filter>
    </ClInclude>
    <ClInclude Include="DX3D\Source\ThirdParty\ImGui\imgui.h">
      <Filter>Header Files</Filter>
    </ClInclude>
    <ClInclude Include="DX3D\Source\ThirdParty\ImGui\imgui_internal.h">
      <Filter>Header Files</Filter>
    </ClInclude>
    <ClInclude Include="DX3D\Source\ThirdParty\ImGui\imstb_rectpack.h">
      <Filter>Header Files</Filter>
    </ClInclude>
    <ClInclude Include="DX3D\Source\ThirdParty\ImGui\imstb_textedit.h">
      <Filter>Header Files</Filter>
    </ClInclude>
    <ClInclude Include="DX3D\Source\ThirdParty\ImGui\imstb_truetype.h">
      <Filter>Header Files</Filter>
    </ClInclude>
    <ClInclude Include="DX3D\Source\ThirdParty\ImGui\backends\imgui_impl_dx11.h">
      <Filter>Header Files</Filter>
    </ClInclude>
    <ClInclude Include="DX3D\Source\ThirdParty\ImGui\backends\imgui_impl_win32.h">
      <Filter>Header Files</Filter>
    </ClInclude>
    <ClInclude Include="Game\Kepler\KeplerPhysics.h">
      <Filter>Header Files</Filter>
    </ClInclude>
    <ClInclude Include="Game\Kepler\OrbitData.h">
      <Filter>Header Files</Filter>
    </ClInclude>
    <ClInclude Include="Game\Kepler\TimeController.h">
      <Filter>Header Files</Filter>
    </ClInclude>
    <ClInclude Include="DX3D\Include\DX3D\Math\Vec3d.h">
      <Filter>Header Files</Filter>
    </ClInclude>
    <ClInclude Include="Game\Kepler\OrbitVisualizer.h">
      <Filter>Header Files</Filter>
    </ClInclude>
    <ClInclude Include="DX3D\Include\DX3D\Math\Frustrum.h">
      <Filter>Header Files</Filter>
    </ClInclude>
    <ClInclude Include="Game\Kepler\KeplerSandbox.h">
      <Filter>Header Files</Filter>
    </ClInclude>
    <ClInclude Include="Game\Editor\UIPanel.h">
      <Filter>Header Files</Filter>
    </ClInclude>
    <ClInclude Include="Game\Editor\UIManager.h">
      <Filter>Header Files</Filter>
    </ClInclude>
    <ClInclude Include="Game\Editor\HierarchyPanel.h">
      <Filter>Header Files</Filter>
    </ClInclude>
    <ClInclude Include="Game\Editor\InspectorPanel.h">
      <Filter>Header Files</Filter>
    </ClInclude>
    <ClInclude Include="Game\Editor\TimelinePanel.h">
      <Filter>Header Files</Filter>
    </ClInclude>
    <ClInclude Include="Game\Kepler\OrbitSystem.h">
      <Filter>Header Files</Filter>
    </ClInclude>
    <ClInclude Include="DX3D\Source\ThirdParty\json\json.hpp">
      <Filter>Header Files</Filter>
    </ClInclude>
    <ClInclude Include="DX3D\Include\DX3D\Core\Serialization.h">
      <Filter>Header Files</Filter>
    </ClInclude>
    <ClInclude Include="Game\Editor\AssetBrowserPanel.h">
      <Filter>Header Files</Filter>
    </ClInclude>
    <ClInclude Include="Game\Editor\KeplerEditor.h">
      <Filter>Header Files</Filter>
    </ClInclude>
    <ClInclude Include="DX3D\Include\DX3D\Game\TransformSystem.h">
      <Filter>Header Files</Filter>
    </ClInclude>
    <ClInclude Include="DX3D\Include\DX3D\Game\Entity.h">
      <Filter>Header Files</Filter>
    </ClInclude>
    <ClInclude Include="DX3D\Include\DX3D\Game\Registry.h">
      <Filter>Header Files</Filter>
    </ClInclude>
    <ClInclude Include="DX3D\Include\DX3D\Game\SceneSerializer.h">
      <Filter>Header Files</Filter>
    </ClInclude>
    <ClInclude Include="DX3D\Include\DX3D\Game\RenderComponent.h">
      <Filter>Header Files</Filter>
    </ClInclude>
    <ClInclude Include="DX3D\Include\DX3D\Game\RenderComponentSystem.h">
      <Filter>Header Files</Filter>
    </ClInclude>
    <ClInclude Include="DX3D\Include\DX3D\Game\ECSView.h">
      <Filter>Header Files</Filter>
    </ClInclude>
    <ClInclude Include="DX3D\Include\DX3D\Game\RuntimeWorld.h">
      <Filter>Header Files</Filter>
    </ClInclude>
    <ClInclude Include="DX3D\Include\DX3D\Game\HierarchyComponent.h">
      <Filter>Header Files</Filter>
    </ClInclude>
    <ClInclude Include="DX3D\Include\DX3D\Game\EditorMetadata.h">
      <Filter>Header Files</Filter>
    </ClInclude>
    <ClInclude Include="DX3D\Include\DX3D\Game\HierarchyBridge.h">
      <Filter>Header Files</Filter>
    </ClInclude>
    <ClInclude Include="DX3D\Include\DX3D\Game\VisibilitySystem.h">
      <Filter>Header Files</Filter>
    </ClInclude>
    <ClInclude Include="DX3D\Include\DX3D\Game\CoreComponents.h">
      <Filter>Header Files</Filter>
    </ClInclude>
    <ClInclude Include="DX3D\Include\DX3D\Game\ComponentStorage.h">
      <Filter>Header Files</Filter>
    </ClInclude>
  </ItemGroup>
</Project>